// !$*UTF8*$!
{
	archiveVersion = 1;
	classes = {
	};
	objectVersion = 55;
	objects = {

/* Begin PBXBuildFile section */
		0801055F273E53C700BD432E /* LoginRequest.swift in Sources */ = {isa = PBXBuildFile; fileRef = 0801055E273E53C700BD432E /* LoginRequest.swift */; };
		08010563273E540200BD432E /* FirebaseAuthentication.swift in Sources */ = {isa = PBXBuildFile; fileRef = 08010562273E540200BD432E /* FirebaseAuthentication.swift */; };
		08010565273E541400BD432E /* FirebaseCRUD.swift in Sources */ = {isa = PBXBuildFile; fileRef = 08010564273E541400BD432E /* FirebaseCRUD.swift */; };
		08010568273E545D00BD432E /* LoginViewModel.swift in Sources */ = {isa = PBXBuildFile; fileRef = 08010567273E545D00BD432E /* LoginViewModel.swift */; };
		0801056B273E548100BD432E /* LoginValidation.swift in Sources */ = {isa = PBXBuildFile; fileRef = 0801056A273E548100BD432E /* LoginValidation.swift */; };
		08503392273E4478006CBBB2 /* AppDelegate.swift in Sources */ = {isa = PBXBuildFile; fileRef = 08503391273E4478006CBBB2 /* AppDelegate.swift */; };
		08503394273E4478006CBBB2 /* SceneDelegate.swift in Sources */ = {isa = PBXBuildFile; fileRef = 08503393273E4478006CBBB2 /* SceneDelegate.swift */; };
		08503396273E4478006CBBB2 /* LoginViewController.swift in Sources */ = {isa = PBXBuildFile; fileRef = 08503395273E4478006CBBB2 /* LoginViewController.swift */; };
		08503399273E4478006CBBB2 /* Main.storyboard in Resources */ = {isa = PBXBuildFile; fileRef = 08503397273E4478006CBBB2 /* Main.storyboard */; };
		0850339C273E4478006CBBB2 /* SimpleNote.xcdatamodeld in Sources */ = {isa = PBXBuildFile; fileRef = 0850339A273E4478006CBBB2 /* SimpleNote.xcdatamodeld */; };
		0850339E273E4480006CBBB2 /* Assets.xcassets in Resources */ = {isa = PBXBuildFile; fileRef = 0850339D273E4480006CBBB2 /* Assets.xcassets */; };
		085033A1273E4480006CBBB2 /* LaunchScreen.storyboard in Resources */ = {isa = PBXBuildFile; fileRef = 0850339F273E4480006CBBB2 /* LaunchScreen.storyboard */; };
		085033AC273E4480006CBBB2 /* SimpleNoteTests.swift in Sources */ = {isa = PBXBuildFile; fileRef = 085033AB273E4480006CBBB2 /* SimpleNoteTests.swift */; };
		085033B6273E4480006CBBB2 /* SimpleNoteUITests.swift in Sources */ = {isa = PBXBuildFile; fileRef = 085033B5273E4480006CBBB2 /* SimpleNoteUITests.swift */; };
		085033B8273E4480006CBBB2 /* SimpleNoteUITestsLaunchTests.swift in Sources */ = {isa = PBXBuildFile; fileRef = 085033B7273E4480006CBBB2 /* SimpleNoteUITestsLaunchTests.swift */; };
		085033C5273E45A0006CBBB2 /* GoogleService-Info.plist in Resources */ = {isa = PBXBuildFile; fileRef = 085033C4273E459F006CBBB2 /* GoogleService-Info.plist */; };
		085033C8273E4648006CBBB2 /* FirebaseAuth in Frameworks */ = {isa = PBXBuildFile; productRef = 085033C7273E4648006CBBB2 /* FirebaseAuth */; };
		085033CA273E4648006CBBB2 /* FirebaseFirestore in Frameworks */ = {isa = PBXBuildFile; productRef = 085033C9273E4648006CBBB2 /* FirebaseFirestore */; };
		085033CC273E4648006CBBB2 /* FirebaseStorage in Frameworks */ = {isa = PBXBuildFile; productRef = 085033CB273E4648006CBBB2 /* FirebaseStorage */; };
		C0D27C05056BCE9BA1C7CF4A /* Pods_SimpleNote.framework in Frameworks */ = {isa = PBXBuildFile; fileRef = B077DE920813CFCC6969C776 /* Pods_SimpleNote.framework */; };
		DB90158BBF49875416229D41 /* Pods_SimpleNote_SimpleNoteUITests.framework in Frameworks */ = {isa = PBXBuildFile; fileRef = 3359A638C272C52544690DE0 /* Pods_SimpleNote_SimpleNoteUITests.framework */; };
		FDE48A608A8097AC5B32E091 /* Pods_SimpleNoteTests.framework in Frameworks */ = {isa = PBXBuildFile; fileRef = 0BF94246FB254F98A2BF9CAF /* Pods_SimpleNoteTests.framework */; };
/* End PBXBuildFile section */

/* Begin PBXContainerItemProxy section */
		085033A8273E4480006CBBB2 /* PBXContainerItemProxy */ = {
			isa = PBXContainerItemProxy;
			containerPortal = 08503386273E4477006CBBB2 /* Project object */;
			proxyType = 1;
			remoteGlobalIDString = 0850338D273E4477006CBBB2;
			remoteInfo = SimpleNote;
		};
		085033B2273E4480006CBBB2 /* PBXContainerItemProxy */ = {
			isa = PBXContainerItemProxy;
			containerPortal = 08503386273E4477006CBBB2 /* Project object */;
			proxyType = 1;
			remoteGlobalIDString = 0850338D273E4477006CBBB2;
			remoteInfo = SimpleNote;
		};
/* End PBXContainerItemProxy section */

/* Begin PBXFileReference section */
		0801055E273E53C700BD432E /* LoginRequest.swift */ = {isa = PBXFileReference; lastKnownFileType = sourcecode.swift; path = LoginRequest.swift; sourceTree = "<group>"; };
		08010562273E540200BD432E /* FirebaseAuthentication.swift */ = {isa = PBXFileReference; lastKnownFileType = sourcecode.swift; path = FirebaseAuthentication.swift; sourceTree = "<group>"; };
		08010564273E541400BD432E /* FirebaseCRUD.swift */ = {isa = PBXFileReference; lastKnownFileType = sourcecode.swift; path = FirebaseCRUD.swift; sourceTree = "<group>"; };
		08010567273E545D00BD432E /* LoginViewModel.swift */ = {isa = PBXFileReference; lastKnownFileType = sourcecode.swift; path = LoginViewModel.swift; sourceTree = "<group>"; };
		0801056A273E548100BD432E /* LoginValidation.swift */ = {isa = PBXFileReference; lastKnownFileType = sourcecode.swift; path = LoginValidation.swift; sourceTree = "<group>"; };
		0850338E273E4477006CBBB2 /* SimpleNote.app */ = {isa = PBXFileReference; explicitFileType = wrapper.application; includeInIndex = 0; path = SimpleNote.app; sourceTree = BUILT_PRODUCTS_DIR; };
		08503391273E4478006CBBB2 /* AppDelegate.swift */ = {isa = PBXFileReference; lastKnownFileType = sourcecode.swift; path = AppDelegate.swift; sourceTree = "<group>"; };
		08503393273E4478006CBBB2 /* SceneDelegate.swift */ = {isa = PBXFileReference; lastKnownFileType = sourcecode.swift; path = SceneDelegate.swift; sourceTree = "<group>"; };
		08503395273E4478006CBBB2 /* LoginViewController.swift */ = {isa = PBXFileReference; lastKnownFileType = sourcecode.swift; path = LoginViewController.swift; sourceTree = "<group>"; };
		08503398273E4478006CBBB2 /* Base */ = {isa = PBXFileReference; lastKnownFileType = file.storyboard; name = Base; path = Base.lproj/Main.storyboard; sourceTree = "<group>"; };
		0850339B273E4478006CBBB2 /* SimpleNote.xcdatamodel */ = {isa = PBXFileReference; lastKnownFileType = wrapper.xcdatamodel; path = SimpleNote.xcdatamodel; sourceTree = "<group>"; };
		0850339D273E4480006CBBB2 /* Assets.xcassets */ = {isa = PBXFileReference; lastKnownFileType = folder.assetcatalog; path = Assets.xcassets; sourceTree = "<group>"; };
		085033A0273E4480006CBBB2 /* Base */ = {isa = PBXFileReference; lastKnownFileType = file.storyboard; name = Base; path = Base.lproj/LaunchScreen.storyboard; sourceTree = "<group>"; };
		085033A2273E4480006CBBB2 /* Info.plist */ = {isa = PBXFileReference; lastKnownFileType = text.plist.xml; path = Info.plist; sourceTree = "<group>"; };
		085033A7273E4480006CBBB2 /* SimpleNoteTests.xctest */ = {isa = PBXFileReference; explicitFileType = wrapper.cfbundle; includeInIndex = 0; path = SimpleNoteTests.xctest; sourceTree = BUILT_PRODUCTS_DIR; };
		085033AB273E4480006CBBB2 /* SimpleNoteTests.swift */ = {isa = PBXFileReference; lastKnownFileType = sourcecode.swift; path = SimpleNoteTests.swift; sourceTree = "<group>"; };
		085033B1273E4480006CBBB2 /* SimpleNoteUITests.xctest */ = {isa = PBXFileReference; explicitFileType = wrapper.cfbundle; includeInIndex = 0; path = SimpleNoteUITests.xctest; sourceTree = BUILT_PRODUCTS_DIR; };
		085033B5273E4480006CBBB2 /* SimpleNoteUITests.swift */ = {isa = PBXFileReference; lastKnownFileType = sourcecode.swift; path = SimpleNoteUITests.swift; sourceTree = "<group>"; };
		085033B7273E4480006CBBB2 /* SimpleNoteUITestsLaunchTests.swift */ = {isa = PBXFileReference; lastKnownFileType = sourcecode.swift; path = SimpleNoteUITestsLaunchTests.swift; sourceTree = "<group>"; };
		085033C4273E459F006CBBB2 /* GoogleService-Info.plist */ = {isa = PBXFileReference; fileEncoding = 4; lastKnownFileType = text.plist.xml; path = "GoogleService-Info.plist"; sourceTree = "<group>"; };
		0B104027F0FBC390B6F57AD0 /* Pods-SimpleNote.release.xcconfig */ = {isa = PBXFileReference; includeInIndex = 1; lastKnownFileType = text.xcconfig; name = "Pods-SimpleNote.release.xcconfig"; path = "Target Support Files/Pods-SimpleNote/Pods-SimpleNote.release.xcconfig"; sourceTree = "<group>"; };
		0BF94246FB254F98A2BF9CAF /* Pods_SimpleNoteTests.framework */ = {isa = PBXFileReference; explicitFileType = wrapper.framework; includeInIndex = 0; path = Pods_SimpleNoteTests.framework; sourceTree = BUILT_PRODUCTS_DIR; };
		3359A638C272C52544690DE0 /* Pods_SimpleNote_SimpleNoteUITests.framework */ = {isa = PBXFileReference; explicitFileType = wrapper.framework; includeInIndex = 0; path = Pods_SimpleNote_SimpleNoteUITests.framework; sourceTree = BUILT_PRODUCTS_DIR; };
		727E79119C282B6C1AA3BEAC /* Pods-SimpleNoteTests.debug.xcconfig */ = {isa = PBXFileReference; includeInIndex = 1; lastKnownFileType = text.xcconfig; name = "Pods-SimpleNoteTests.debug.xcconfig"; path = "Target Support Files/Pods-SimpleNoteTests/Pods-SimpleNoteTests.debug.xcconfig"; sourceTree = "<group>"; };
		8A8E05191C6C7CA4A69892AB /* Pods-SimpleNote-SimpleNoteUITests.release.xcconfig */ = {isa = PBXFileReference; includeInIndex = 1; lastKnownFileType = text.xcconfig; name = "Pods-SimpleNote-SimpleNoteUITests.release.xcconfig"; path = "Target Support Files/Pods-SimpleNote-SimpleNoteUITests/Pods-SimpleNote-SimpleNoteUITests.release.xcconfig"; sourceTree = "<group>"; };
		B077DE920813CFCC6969C776 /* Pods_SimpleNote.framework */ = {isa = PBXFileReference; explicitFileType = wrapper.framework; includeInIndex = 0; path = Pods_SimpleNote.framework; sourceTree = BUILT_PRODUCTS_DIR; };
		B67642B70B311E395C57CCC6 /* Pods-SimpleNoteTests.release.xcconfig */ = {isa = PBXFileReference; includeInIndex = 1; lastKnownFileType = text.xcconfig; name = "Pods-SimpleNoteTests.release.xcconfig"; path = "Target Support Files/Pods-SimpleNoteTests/Pods-SimpleNoteTests.release.xcconfig"; sourceTree = "<group>"; };
		E09EA8A83919105AC7F8BBF7 /* Pods-SimpleNote-SimpleNoteUITests.debug.xcconfig */ = {isa = PBXFileReference; includeInIndex = 1; lastKnownFileType = text.xcconfig; name = "Pods-SimpleNote-SimpleNoteUITests.debug.xcconfig"; path = "Target Support Files/Pods-SimpleNote-SimpleNoteUITests/Pods-SimpleNote-SimpleNoteUITests.debug.xcconfig"; sourceTree = "<group>"; };
		EFC2B9064BF97118D87CE8E0 /* Pods-SimpleNote.debug.xcconfig */ = {isa = PBXFileReference; includeInIndex = 1; lastKnownFileType = text.xcconfig; name = "Pods-SimpleNote.debug.xcconfig"; path = "Target Support Files/Pods-SimpleNote/Pods-SimpleNote.debug.xcconfig"; sourceTree = "<group>"; };
/* End PBXFileReference section */

/* Begin PBXFrameworksBuildPhase section */
		0850338B273E4477006CBBB2 /* Frameworks */ = {
			isa = PBXFrameworksBuildPhase;
			buildActionMask = 2147483647;
			files = (
				085033C8273E4648006CBBB2 /* FirebaseAuth in Frameworks */,
				085033CA273E4648006CBBB2 /* FirebaseFirestore in Frameworks */,
				085033CC273E4648006CBBB2 /* FirebaseStorage in Frameworks */,
				C0D27C05056BCE9BA1C7CF4A /* Pods_SimpleNote.framework in Frameworks */,
			);
			runOnlyForDeploymentPostprocessing = 0;
		};
		085033A4273E4480006CBBB2 /* Frameworks */ = {
			isa = PBXFrameworksBuildPhase;
			buildActionMask = 2147483647;
			files = (
				FDE48A608A8097AC5B32E091 /* Pods_SimpleNoteTests.framework in Frameworks */,
			);
			runOnlyForDeploymentPostprocessing = 0;
		};
		085033AE273E4480006CBBB2 /* Frameworks */ = {
			isa = PBXFrameworksBuildPhase;
			buildActionMask = 2147483647;
			files = (
				DB90158BBF49875416229D41 /* Pods_SimpleNote_SimpleNoteUITests.framework in Frameworks */,
			);
			runOnlyForDeploymentPostprocessing = 0;
		};
/* End PBXFrameworksBuildPhase section */

/* Begin PBXGroup section */
		0801055C273E539700BD432E /* LoginModel */ = {
			isa = PBXGroup;
			children = (
				0801055E273E53C700BD432E /* LoginRequest.swift */,
			);
			path = LoginModel;
			sourceTree = "<group>";
		};
		0801055D273E53A300BD432E /* Cells */ = {
			isa = PBXGroup;
			children = (
			);
			path = Cells;
			sourceTree = "<group>";
		};
		08010560273E53E000BD432E /* ViewModel */ = {
			isa = PBXGroup;
			children = (
				08010567273E545D00BD432E /* LoginViewModel.swift */,
			);
			path = ViewModel;
			sourceTree = "<group>";
		};
		08010561273E53ED00BD432E /* Services */ = {
			isa = PBXGroup;
			children = (
				08010562273E540200BD432E /* FirebaseAuthentication.swift */,
				08010564273E541400BD432E /* FirebaseCRUD.swift */,
			);
			path = Services;
			sourceTree = "<group>";
		};
		08010566273E544800BD432E /* Extensions */ = {
			isa = PBXGroup;
			children = (
			);
			path = Extensions;
			sourceTree = "<group>";
		};
		08010569273E547500BD432E /* Validation */ = {
			isa = PBXGroup;
			children = (
				0801056A273E548100BD432E /* LoginValidation.swift */,
			);
			path = Validation;
			sourceTree = "<group>";
		};
		0801056C273E548E00BD432E /* CoreData */ = {
			isa = PBXGroup;
			children = (
				0850339A273E4478006CBBB2 /* SimpleNote.xcdatamodeld */,
			);
			path = CoreData;
			sourceTree = "<group>";
		};
		08503385273E4477006CBBB2 = {
			isa = PBXGroup;
			children = (
				08503390273E4478006CBBB2 /* SimpleNote */,
				085033AA273E4480006CBBB2 /* SimpleNoteTests */,
				085033B4273E4480006CBBB2 /* SimpleNoteUITests */,
				0850338F273E4477006CBBB2 /* Products */,
				BCBB1C5E63D0EDBC8E1F5268 /* Pods */,
				56C6DD5DFFFA3EFBBE586EEE /* Frameworks */,
			);
			sourceTree = "<group>";
		};
		0850338F273E4477006CBBB2 /* Products */ = {
			isa = PBXGroup;
			children = (
				0850338E273E4477006CBBB2 /* SimpleNote.app */,
				085033A7273E4480006CBBB2 /* SimpleNoteTests.xctest */,
				085033B1273E4480006CBBB2 /* SimpleNoteUITests.xctest */,
			);
			name = Products;
			sourceTree = "<group>";
		};
		08503390273E4478006CBBB2 /* SimpleNote */ = {
			isa = PBXGroup;
			children = (
				085033CD273E4877006CBBB2 /* Model */,
				085033CE273E487D006CBBB2 /* View */,
				08503395273E4478006CBBB2 /* LoginViewController.swift */,
				08010560273E53E000BD432E /* ViewModel */,
				0801056C273E548E00BD432E /* CoreData */,
				08010569273E547500BD432E /* Validation */,
				08010566273E544800BD432E /* Extensions */,
				08010561273E53ED00BD432E /* Services */,
				08503391273E4478006CBBB2 /* AppDelegate.swift */,
				08503393273E4478006CBBB2 /* SceneDelegate.swift */,
				0850339D273E4480006CBBB2 /* Assets.xcassets */,
				0850339F273E4480006CBBB2 /* LaunchScreen.storyboard */,
				085033A2273E4480006CBBB2 /* Info.plist */,
				085033C4273E459F006CBBB2 /* GoogleService-Info.plist */,
			);
			path = SimpleNote;
			sourceTree = "<group>";
		};
		085033AA273E4480006CBBB2 /* SimpleNoteTests */ = {
			isa = PBXGroup;
			children = (
				085033AB273E4480006CBBB2 /* SimpleNoteTests.swift */,
			);
			path = SimpleNoteTests;
			sourceTree = "<group>";
		};
		085033B4273E4480006CBBB2 /* SimpleNoteUITests */ = {
			isa = PBXGroup;
			children = (
				085033B5273E4480006CBBB2 /* SimpleNoteUITests.swift */,
				085033B7273E4480006CBBB2 /* SimpleNoteUITestsLaunchTests.swift */,
			);
			path = SimpleNoteUITests;
			sourceTree = "<group>";
		};
		085033CD273E4877006CBBB2 /* Model */ = {
			isa = PBXGroup;
			children = (
				0801055C273E539700BD432E /* LoginModel */,
			);
			path = Model;
			sourceTree = "<group>";
		};
		085033CE273E487D006CBBB2 /* View */ = {
			isa = PBXGroup;
			children = (
				08503397273E4478006CBBB2 /* Main.storyboard */,
				0801055D273E53A300BD432E /* Cells */,
			);
			path = View;
			sourceTree = "<group>";
		};
		56C6DD5DFFFA3EFBBE586EEE /* Frameworks */ = {
			isa = PBXGroup;
			children = (
				B077DE920813CFCC6969C776 /* Pods_SimpleNote.framework */,
				3359A638C272C52544690DE0 /* Pods_SimpleNote_SimpleNoteUITests.framework */,
				0BF94246FB254F98A2BF9CAF /* Pods_SimpleNoteTests.framework */,
			);
			name = Frameworks;
			sourceTree = "<group>";
		};
		BCBB1C5E63D0EDBC8E1F5268 /* Pods */ = {
			isa = PBXGroup;
			children = (
				EFC2B9064BF97118D87CE8E0 /* Pods-SimpleNote.debug.xcconfig */,
				0B104027F0FBC390B6F57AD0 /* Pods-SimpleNote.release.xcconfig */,
				E09EA8A83919105AC7F8BBF7 /* Pods-SimpleNote-SimpleNoteUITests.debug.xcconfig */,
				8A8E05191C6C7CA4A69892AB /* Pods-SimpleNote-SimpleNoteUITests.release.xcconfig */,
				727E79119C282B6C1AA3BEAC /* Pods-SimpleNoteTests.debug.xcconfig */,
				B67642B70B311E395C57CCC6 /* Pods-SimpleNoteTests.release.xcconfig */,
			);
			path = Pods;
			sourceTree = "<group>";
		};
/* End PBXGroup section */

/* Begin PBXNativeTarget section */
		0850338D273E4477006CBBB2 /* SimpleNote */ = {
			isa = PBXNativeTarget;
			buildConfigurationList = 085033BB273E4481006CBBB2 /* Build configuration list for PBXNativeTarget "SimpleNote" */;
			buildPhases = (
				EDF50505181B695494042CF8 /* [CP] Check Pods Manifest.lock */,
				0850338A273E4477006CBBB2 /* Sources */,
				0850338B273E4477006CBBB2 /* Frameworks */,
				0850338C273E4477006CBBB2 /* Resources */,
				702E375CDA76E811A272B52C /* [CP] Embed Pods Frameworks */,
			);
			buildRules = (
			);
			dependencies = (
			);
			name = SimpleNote;
			packageProductDependencies = (
				085033C7273E4648006CBBB2 /* FirebaseAuth */,
				085033C9273E4648006CBBB2 /* FirebaseFirestore */,
				085033CB273E4648006CBBB2 /* FirebaseStorage */,
			);
			productName = SimpleNote;
			productReference = 0850338E273E4477006CBBB2 /* SimpleNote.app */;
			productType = "com.apple.product-type.application";
		};
		085033A6273E4480006CBBB2 /* SimpleNoteTests */ = {
			isa = PBXNativeTarget;
			buildConfigurationList = 085033BE273E4481006CBBB2 /* Build configuration list for PBXNativeTarget "SimpleNoteTests" */;
			buildPhases = (
				D289664CF266DA73166CF0B1 /* [CP] Check Pods Manifest.lock */,
				085033A3273E4480006CBBB2 /* Sources */,
				085033A4273E4480006CBBB2 /* Frameworks */,
				085033A5273E4480006CBBB2 /* Resources */,
			);
			buildRules = (
			);
			dependencies = (
				085033A9273E4480006CBBB2 /* PBXTargetDependency */,
			);
			name = SimpleNoteTests;
			productName = SimpleNoteTests;
			productReference = 085033A7273E4480006CBBB2 /* SimpleNoteTests.xctest */;
			productType = "com.apple.product-type.bundle.unit-test";
		};
		085033B0273E4480006CBBB2 /* SimpleNoteUITests */ = {
			isa = PBXNativeTarget;
			buildConfigurationList = 085033C1273E4481006CBBB2 /* Build configuration list for PBXNativeTarget "SimpleNoteUITests" */;
			buildPhases = (
				A371095F0F97A39A82E8CCE6 /* [CP] Check Pods Manifest.lock */,
				085033AD273E4480006CBBB2 /* Sources */,
				085033AE273E4480006CBBB2 /* Frameworks */,
				085033AF273E4480006CBBB2 /* Resources */,
				634E34522A218411A0DFB7CD /* [CP] Embed Pods Frameworks */,
			);
			buildRules = (
			);
			dependencies = (
				085033B3273E4480006CBBB2 /* PBXTargetDependency */,
			);
			name = SimpleNoteUITests;
			productName = SimpleNoteUITests;
			productReference = 085033B1273E4480006CBBB2 /* SimpleNoteUITests.xctest */;
			productType = "com.apple.product-type.bundle.ui-testing";
		};
/* End PBXNativeTarget section */

/* Begin PBXProject section */
		08503386273E4477006CBBB2 /* Project object */ = {
			isa = PBXProject;
			attributes = {
				BuildIndependentTargetsInParallel = 1;
				LastSwiftUpdateCheck = 1310;
				LastUpgradeCheck = 1310;
				TargetAttributes = {
					0850338D273E4477006CBBB2 = {
						CreatedOnToolsVersion = 13.1;
					};
					085033A6273E4480006CBBB2 = {
						CreatedOnToolsVersion = 13.1;
						TestTargetID = 0850338D273E4477006CBBB2;
					};
					085033B0273E4480006CBBB2 = {
						CreatedOnToolsVersion = 13.1;
						TestTargetID = 0850338D273E4477006CBBB2;
					};
				};
			};
			buildConfigurationList = 08503389273E4477006CBBB2 /* Build configuration list for PBXProject "SimpleNote" */;
			compatibilityVersion = "Xcode 13.0";
			developmentRegion = en;
			hasScannedForEncodings = 0;
			knownRegions = (
				en,
				Base,
			);
			mainGroup = 08503385273E4477006CBBB2;
			packageReferences = (
				085033C6273E4648006CBBB2 /* XCRemoteSwiftPackageReference "firebase-ios-sdk" */,
			);
			productRefGroup = 0850338F273E4477006CBBB2 /* Products */;
			projectDirPath = "";
			projectRoot = "";
			targets = (
				0850338D273E4477006CBBB2 /* SimpleNote */,
				085033A6273E4480006CBBB2 /* SimpleNoteTests */,
				085033B0273E4480006CBBB2 /* SimpleNoteUITests */,
			);
		};
/* End PBXProject section */

/* Begin PBXResourcesBuildPhase section */
		0850338C273E4477006CBBB2 /* Resources */ = {
			isa = PBXResourcesBuildPhase;
			buildActionMask = 2147483647;
			files = (
				085033A1273E4480006CBBB2 /* LaunchScreen.storyboard in Resources */,
				085033C5273E45A0006CBBB2 /* GoogleService-Info.plist in Resources */,
				0850339E273E4480006CBBB2 /* Assets.xcassets in Resources */,
				08503399273E4478006CBBB2 /* Main.storyboard in Resources */,
			);
			runOnlyForDeploymentPostprocessing = 0;
		};
		085033A5273E4480006CBBB2 /* Resources */ = {
			isa = PBXResourcesBuildPhase;
			buildActionMask = 2147483647;
			files = (
			);
			runOnlyForDeploymentPostprocessing = 0;
		};
		085033AF273E4480006CBBB2 /* Resources */ = {
			isa = PBXResourcesBuildPhase;
			buildActionMask = 2147483647;
			files = (
			);
			runOnlyForDeploymentPostprocessing = 0;
		};
/* End PBXResourcesBuildPhase section */

/* Begin PBXShellScriptBuildPhase section */
		634E34522A218411A0DFB7CD /* [CP] Embed Pods Frameworks */ = {
			isa = PBXShellScriptBuildPhase;
			buildActionMask = 2147483647;
			files = (
			);
			inputFileListPaths = (
				"${PODS_ROOT}/Target Support Files/Pods-SimpleNote-SimpleNoteUITests/Pods-SimpleNote-SimpleNoteUITests-frameworks-${CONFIGURATION}-input-files.xcfilelist",
			);
			name = "[CP] Embed Pods Frameworks";
			outputFileListPaths = (
				"${PODS_ROOT}/Target Support Files/Pods-SimpleNote-SimpleNoteUITests/Pods-SimpleNote-SimpleNoteUITests-frameworks-${CONFIGURATION}-output-files.xcfilelist",
			);
			runOnlyForDeploymentPostprocessing = 0;
			shellPath = /bin/sh;
			shellScript = "\"${PODS_ROOT}/Target Support Files/Pods-SimpleNote-SimpleNoteUITests/Pods-SimpleNote-SimpleNoteUITests-frameworks.sh\"\n";
			showEnvVarsInLog = 0;
		};
		702E375CDA76E811A272B52C /* [CP] Embed Pods Frameworks */ = {
			isa = PBXShellScriptBuildPhase;
			buildActionMask = 2147483647;
			files = (
			);
			inputFileListPaths = (
				"${PODS_ROOT}/Target Support Files/Pods-SimpleNote/Pods-SimpleNote-frameworks-${CONFIGURATION}-input-files.xcfilelist",
			);
			name = "[CP] Embed Pods Frameworks";
			outputFileListPaths = (
				"${PODS_ROOT}/Target Support Files/Pods-SimpleNote/Pods-SimpleNote-frameworks-${CONFIGURATION}-output-files.xcfilelist",
			);
			runOnlyForDeploymentPostprocessing = 0;
			shellPath = /bin/sh;
			shellScript = "\"${PODS_ROOT}/Target Support Files/Pods-SimpleNote/Pods-SimpleNote-frameworks.sh\"\n";
			showEnvVarsInLog = 0;
		};
		A371095F0F97A39A82E8CCE6 /* [CP] Check Pods Manifest.lock */ = {
			isa = PBXShellScriptBuildPhase;
			buildActionMask = 2147483647;
			files = (
			);
			inputFileListPaths = (
			);
			inputPaths = (
				"${PODS_PODFILE_DIR_PATH}/Podfile.lock",
				"${PODS_ROOT}/Manifest.lock",
			);
			name = "[CP] Check Pods Manifest.lock";
			outputFileListPaths = (
			);
			outputPaths = (
				"$(DERIVED_FILE_DIR)/Pods-SimpleNote-SimpleNoteUITests-checkManifestLockResult.txt",
			);
			runOnlyForDeploymentPostprocessing = 0;
			shellPath = /bin/sh;
			shellScript = "diff \"${PODS_PODFILE_DIR_PATH}/Podfile.lock\" \"${PODS_ROOT}/Manifest.lock\" > /dev/null\nif [ $? != 0 ] ; then\n    # print error to STDERR\n    echo \"error: The sandbox is not in sync with the Podfile.lock. Run 'pod install' or update your CocoaPods installation.\" >&2\n    exit 1\nfi\n# This output is used by Xcode 'outputs' to avoid re-running this script phase.\necho \"SUCCESS\" > \"${SCRIPT_OUTPUT_FILE_0}\"\n";
			showEnvVarsInLog = 0;
		};
		D289664CF266DA73166CF0B1 /* [CP] Check Pods Manifest.lock */ = {
			isa = PBXShellScriptBuildPhase;
			buildActionMask = 2147483647;
			files = (
			);
			inputFileListPaths = (
			);
			inputPaths = (
				"${PODS_PODFILE_DIR_PATH}/Podfile.lock",
				"${PODS_ROOT}/Manifest.lock",
			);
			name = "[CP] Check Pods Manifest.lock";
			outputFileListPaths = (
			);
			outputPaths = (
				"$(DERIVED_FILE_DIR)/Pods-SimpleNoteTests-checkManifestLockResult.txt",
			);
			runOnlyForDeploymentPostprocessing = 0;
			shellPath = /bin/sh;
			shellScript = "diff \"${PODS_PODFILE_DIR_PATH}/Podfile.lock\" \"${PODS_ROOT}/Manifest.lock\" > /dev/null\nif [ $? != 0 ] ; then\n    # print error to STDERR\n    echo \"error: The sandbox is not in sync with the Podfile.lock. Run 'pod install' or update your CocoaPods installation.\" >&2\n    exit 1\nfi\n# This output is used by Xcode 'outputs' to avoid re-running this script phase.\necho \"SUCCESS\" > \"${SCRIPT_OUTPUT_FILE_0}\"\n";
			showEnvVarsInLog = 0;
		};
		EDF50505181B695494042CF8 /* [CP] Check Pods Manifest.lock */ = {
			isa = PBXShellScriptBuildPhase;
			buildActionMask = 2147483647;
			files = (
			);
			inputFileListPaths = (
			);
			inputPaths = (
				"${PODS_PODFILE_DIR_PATH}/Podfile.lock",
				"${PODS_ROOT}/Manifest.lock",
			);
			name = "[CP] Check Pods Manifest.lock";
			outputFileListPaths = (
			);
			outputPaths = (
				"$(DERIVED_FILE_DIR)/Pods-SimpleNote-checkManifestLockResult.txt",
			);
			runOnlyForDeploymentPostprocessing = 0;
			shellPath = /bin/sh;
			shellScript = "diff \"${PODS_PODFILE_DIR_PATH}/Podfile.lock\" \"${PODS_ROOT}/Manifest.lock\" > /dev/null\nif [ $? != 0 ] ; then\n    # print error to STDERR\n    echo \"error: The sandbox is not in sync with the Podfile.lock. Run 'pod install' or update your CocoaPods installation.\" >&2\n    exit 1\nfi\n# This output is used by Xcode 'outputs' to avoid re-running this script phase.\necho \"SUCCESS\" > \"${SCRIPT_OUTPUT_FILE_0}\"\n";
			showEnvVarsInLog = 0;
		};
/* End PBXShellScriptBuildPhase section */

/* Begin PBXSourcesBuildPhase section */
		0850338A273E4477006CBBB2 /* Sources */ = {
			isa = PBXSourcesBuildPhase;
			buildActionMask = 2147483647;
			files = (
				08503396273E4478006CBBB2 /* LoginViewController.swift in Sources */,
				08503392273E4478006CBBB2 /* AppDelegate.swift in Sources */,
				08010563273E540200BD432E /* FirebaseAuthentication.swift in Sources */,
				08010565273E541400BD432E /* FirebaseCRUD.swift in Sources */,
				0801056B273E548100BD432E /* LoginValidation.swift in Sources */,
				08010568273E545D00BD432E /* LoginViewModel.swift in Sources */,
				08503394273E4478006CBBB2 /* SceneDelegate.swift in Sources */,
				0801055F273E53C700BD432E /* LoginRequest.swift in Sources */,
				0850339C273E4478006CBBB2 /* SimpleNote.xcdatamodeld in Sources */,
			);
			runOnlyForDeploymentPostprocessing = 0;
		};
		085033A3273E4480006CBBB2 /* Sources */ = {
			isa = PBXSourcesBuildPhase;
			buildActionMask = 2147483647;
			files = (
				085033AC273E4480006CBBB2 /* SimpleNoteTests.swift in Sources */,
			);
			runOnlyForDeploymentPostprocessing = 0;
		};
		085033AD273E4480006CBBB2 /* Sources */ = {
			isa = PBXSourcesBuildPhase;
			buildActionMask = 2147483647;
			files = (
				085033B8273E4480006CBBB2 /* SimpleNoteUITestsLaunchTests.swift in Sources */,
				085033B6273E4480006CBBB2 /* SimpleNoteUITests.swift in Sources */,
			);
			runOnlyForDeploymentPostprocessing = 0;
		};
/* End PBXSourcesBuildPhase section */

/* Begin PBXTargetDependency section */
		085033A9273E4480006CBBB2 /* PBXTargetDependency */ = {
			isa = PBXTargetDependency;
			target = 0850338D273E4477006CBBB2 /* SimpleNote */;
			targetProxy = 085033A8273E4480006CBBB2 /* PBXContainerItemProxy */;
		};
		085033B3273E4480006CBBB2 /* PBXTargetDependency */ = {
			isa = PBXTargetDependency;
			target = 0850338D273E4477006CBBB2 /* SimpleNote */;
			targetProxy = 085033B2273E4480006CBBB2 /* PBXContainerItemProxy */;
		};
/* End PBXTargetDependency section */

/* Begin PBXVariantGroup section */
		08503397273E4478006CBBB2 /* Main.storyboard */ = {
			isa = PBXVariantGroup;
			children = (
				08503398273E4478006CBBB2 /* Base */,
			);
			name = Main.storyboard;
			sourceTree = "<group>";
		};
		0850339F273E4480006CBBB2 /* LaunchScreen.storyboard */ = {
			isa = PBXVariantGroup;
			children = (
				085033A0273E4480006CBBB2 /* Base */,
			);
			name = LaunchScreen.storyboard;
			sourceTree = "<group>";
		};
/* End PBXVariantGroup section */

/* Begin XCBuildConfiguration section */
		085033B9273E4481006CBBB2 /* Debug */ = {
			isa = XCBuildConfiguration;
			buildSettings = {
				ALWAYS_SEARCH_USER_PATHS = NO;
				CLANG_ANALYZER_NONNULL = YES;
				CLANG_ANALYZER_NUMBER_OBJECT_CONVERSION = YES_AGGRESSIVE;
				CLANG_CXX_LANGUAGE_STANDARD = "gnu++17";
				CLANG_CXX_LIBRARY = "libc++";
				CLANG_ENABLE_MODULES = YES;
				CLANG_ENABLE_OBJC_ARC = YES;
				CLANG_ENABLE_OBJC_WEAK = YES;
				CLANG_WARN_BLOCK_CAPTURE_AUTORELEASING = YES;
				CLANG_WARN_BOOL_CONVERSION = YES;
				CLANG_WARN_COMMA = YES;
				CLANG_WARN_CONSTANT_CONVERSION = YES;
				CLANG_WARN_DEPRECATED_OBJC_IMPLEMENTATIONS = YES;
				CLANG_WARN_DIRECT_OBJC_ISA_USAGE = YES_ERROR;
				CLANG_WARN_DOCUMENTATION_COMMENTS = YES;
				CLANG_WARN_EMPTY_BODY = YES;
				CLANG_WARN_ENUM_CONVERSION = YES;
				CLANG_WARN_INFINITE_RECURSION = YES;
				CLANG_WARN_INT_CONVERSION = YES;
				CLANG_WARN_NON_LITERAL_NULL_CONVERSION = YES;
				CLANG_WARN_OBJC_IMPLICIT_RETAIN_SELF = YES;
				CLANG_WARN_OBJC_LITERAL_CONVERSION = YES;
				CLANG_WARN_OBJC_ROOT_CLASS = YES_ERROR;
				CLANG_WARN_QUOTED_INCLUDE_IN_FRAMEWORK_HEADER = YES;
				CLANG_WARN_RANGE_LOOP_ANALYSIS = YES;
				CLANG_WARN_STRICT_PROTOTYPES = YES;
				CLANG_WARN_SUSPICIOUS_MOVE = YES;
				CLANG_WARN_UNGUARDED_AVAILABILITY = YES_AGGRESSIVE;
				CLANG_WARN_UNREACHABLE_CODE = YES;
				CLANG_WARN__DUPLICATE_METHOD_MATCH = YES;
				COPY_PHASE_STRIP = NO;
				DEBUG_INFORMATION_FORMAT = dwarf;
				ENABLE_STRICT_OBJC_MSGSEND = YES;
				ENABLE_TESTABILITY = YES;
				GCC_C_LANGUAGE_STANDARD = gnu11;
				GCC_DYNAMIC_NO_PIC = NO;
				GCC_NO_COMMON_BLOCKS = YES;
				GCC_OPTIMIZATION_LEVEL = 0;
				GCC_PREPROCESSOR_DEFINITIONS = (
					"DEBUG=1",
					"$(inherited)",
				);
				GCC_WARN_64_TO_32_BIT_CONVERSION = YES;
				GCC_WARN_ABOUT_RETURN_TYPE = YES_ERROR;
				GCC_WARN_UNDECLARED_SELECTOR = YES;
				GCC_WARN_UNINITIALIZED_AUTOS = YES_AGGRESSIVE;
				GCC_WARN_UNUSED_FUNCTION = YES;
				GCC_WARN_UNUSED_VARIABLE = YES;
				IPHONEOS_DEPLOYMENT_TARGET = 15.0;
				MTL_ENABLE_DEBUG_INFO = INCLUDE_SOURCE;
				MTL_FAST_MATH = YES;
				ONLY_ACTIVE_ARCH = YES;
				SDKROOT = iphoneos;
				SWIFT_ACTIVE_COMPILATION_CONDITIONS = DEBUG;
				SWIFT_OPTIMIZATION_LEVEL = "-Onone";
			};
			name = Debug;
		};
		085033BA273E4481006CBBB2 /* Release */ = {
			isa = XCBuildConfiguration;
			buildSettings = {
				ALWAYS_SEARCH_USER_PATHS = NO;
				CLANG_ANALYZER_NONNULL = YES;
				CLANG_ANALYZER_NUMBER_OBJECT_CONVERSION = YES_AGGRESSIVE;
				CLANG_CXX_LANGUAGE_STANDARD = "gnu++17";
				CLANG_CXX_LIBRARY = "libc++";
				CLANG_ENABLE_MODULES = YES;
				CLANG_ENABLE_OBJC_ARC = YES;
				CLANG_ENABLE_OBJC_WEAK = YES;
				CLANG_WARN_BLOCK_CAPTURE_AUTORELEASING = YES;
				CLANG_WARN_BOOL_CONVERSION = YES;
				CLANG_WARN_COMMA = YES;
				CLANG_WARN_CONSTANT_CONVERSION = YES;
				CLANG_WARN_DEPRECATED_OBJC_IMPLEMENTATIONS = YES;
				CLANG_WARN_DIRECT_OBJC_ISA_USAGE = YES_ERROR;
				CLANG_WARN_DOCUMENTATION_COMMENTS = YES;
				CLANG_WARN_EMPTY_BODY = YES;
				CLANG_WARN_ENUM_CONVERSION = YES;
				CLANG_WARN_INFINITE_RECURSION = YES;
				CLANG_WARN_INT_CONVERSION = YES;
				CLANG_WARN_NON_LITERAL_NULL_CONVERSION = YES;
				CLANG_WARN_OBJC_IMPLICIT_RETAIN_SELF = YES;
				CLANG_WARN_OBJC_LITERAL_CONVERSION = YES;
				CLANG_WARN_OBJC_ROOT_CLASS = YES_ERROR;
				CLANG_WARN_QUOTED_INCLUDE_IN_FRAMEWORK_HEADER = YES;
				CLANG_WARN_RANGE_LOOP_ANALYSIS = YES;
				CLANG_WARN_STRICT_PROTOTYPES = YES;
				CLANG_WARN_SUSPICIOUS_MOVE = YES;
				CLANG_WARN_UNGUARDED_AVAILABILITY = YES_AGGRESSIVE;
				CLANG_WARN_UNREACHABLE_CODE = YES;
				CLANG_WARN__DUPLICATE_METHOD_MATCH = YES;
				COPY_PHASE_STRIP = NO;
				DEBUG_INFORMATION_FORMAT = "dwarf-with-dsym";
				ENABLE_NS_ASSERTIONS = NO;
				ENABLE_STRICT_OBJC_MSGSEND = YES;
				GCC_C_LANGUAGE_STANDARD = gnu11;
				GCC_NO_COMMON_BLOCKS = YES;
				GCC_WARN_64_TO_32_BIT_CONVERSION = YES;
				GCC_WARN_ABOUT_RETURN_TYPE = YES_ERROR;
				GCC_WARN_UNDECLARED_SELECTOR = YES;
				GCC_WARN_UNINITIALIZED_AUTOS = YES_AGGRESSIVE;
				GCC_WARN_UNUSED_FUNCTION = YES;
				GCC_WARN_UNUSED_VARIABLE = YES;
				IPHONEOS_DEPLOYMENT_TARGET = 15.0;
				MTL_ENABLE_DEBUG_INFO = NO;
				MTL_FAST_MATH = YES;
				SDKROOT = iphoneos;
				SWIFT_COMPILATION_MODE = wholemodule;
				SWIFT_OPTIMIZATION_LEVEL = "-O";
				VALIDATE_PRODUCT = YES;
			};
			name = Release;
		};
		085033BC273E4481006CBBB2 /* Debug */ = {
			isa = XCBuildConfiguration;
			baseConfigurationReference = EFC2B9064BF97118D87CE8E0 /* Pods-SimpleNote.debug.xcconfig */;
			buildSettings = {
				ASSETCATALOG_COMPILER_APPICON_NAME = AppIcon;
				ASSETCATALOG_COMPILER_GLOBAL_ACCENT_COLOR_NAME = AccentColor;
				CODE_SIGN_STYLE = Automatic;
				CURRENT_PROJECT_VERSION = 1;
				GENERATE_INFOPLIST_FILE = YES;
				INFOPLIST_FILE = SimpleNote/Info.plist;
				INFOPLIST_KEY_UIApplicationSupportsIndirectInputEvents = YES;
				INFOPLIST_KEY_UILaunchStoryboardName = LaunchScreen;
				INFOPLIST_KEY_UIMainStoryboardFile = Main;
				INFOPLIST_KEY_UISupportedInterfaceOrientations_iPad = "UIInterfaceOrientationPortrait UIInterfaceOrientationPortraitUpsideDown UIInterfaceOrientationLandscapeLeft UIInterfaceOrientationLandscapeRight";
				INFOPLIST_KEY_UISupportedInterfaceOrientations_iPhone = "UIInterfaceOrientationPortrait UIInterfaceOrientationLandscapeLeft UIInterfaceOrientationLandscapeRight";
				LD_RUNPATH_SEARCH_PATHS = (
					"$(inherited)",
					"@executable_path/Frameworks",
				);
				MARKETING_VERSION = 1.0;
				PRODUCT_BUNDLE_IDENTIFIER = com.mphrx.SimpleNote;
				PRODUCT_NAME = "$(TARGET_NAME)";
				SWIFT_EMIT_LOC_STRINGS = YES;
				SWIFT_VERSION = 5.0;
				TARGETED_DEVICE_FAMILY = "1,2";
			};
			name = Debug;
		};
		085033BD273E4481006CBBB2 /* Release */ = {
			isa = XCBuildConfiguration;
			baseConfigurationReference = 0B104027F0FBC390B6F57AD0 /* Pods-SimpleNote.release.xcconfig */;
			buildSettings = {
				ASSETCATALOG_COMPILER_APPICON_NAME = AppIcon;
				ASSETCATALOG_COMPILER_GLOBAL_ACCENT_COLOR_NAME = AccentColor;
				CODE_SIGN_STYLE = Automatic;
				CURRENT_PROJECT_VERSION = 1;
				GENERATE_INFOPLIST_FILE = YES;
				INFOPLIST_FILE = SimpleNote/Info.plist;
				INFOPLIST_KEY_UIApplicationSupportsIndirectInputEvents = YES;
				INFOPLIST_KEY_UILaunchStoryboardName = LaunchScreen;
				INFOPLIST_KEY_UIMainStoryboardFile = Main;
				INFOPLIST_KEY_UISupportedInterfaceOrientations_iPad = "UIInterfaceOrientationPortrait UIInterfaceOrientationPortraitUpsideDown UIInterfaceOrientationLandscapeLeft UIInterfaceOrientationLandscapeRight";
				INFOPLIST_KEY_UISupportedInterfaceOrientations_iPhone = "UIInterfaceOrientationPortrait UIInterfaceOrientationLandscapeLeft UIInterfaceOrientationLandscapeRight";
				LD_RUNPATH_SEARCH_PATHS = (
					"$(inherited)",
					"@executable_path/Frameworks",
				);
				MARKETING_VERSION = 1.0;
				PRODUCT_BUNDLE_IDENTIFIER = com.mphrx.SimpleNote;
				PRODUCT_NAME = "$(TARGET_NAME)";
				SWIFT_EMIT_LOC_STRINGS = YES;
				SWIFT_VERSION = 5.0;
				TARGETED_DEVICE_FAMILY = "1,2";
			};
			name = Release;
		};
		085033BF273E4481006CBBB2 /* Debug */ = {
			isa = XCBuildConfiguration;
			baseConfigurationReference = 727E79119C282B6C1AA3BEAC /* Pods-SimpleNoteTests.debug.xcconfig */;
			buildSettings = {
				ALWAYS_EMBED_SWIFT_STANDARD_LIBRARIES = YES;
				BUNDLE_LOADER = "$(TEST_HOST)";
				CODE_SIGN_STYLE = Automatic;
				CURRENT_PROJECT_VERSION = 1;
				GENERATE_INFOPLIST_FILE = YES;
				IPHONEOS_DEPLOYMENT_TARGET = 15.0;
				LD_RUNPATH_SEARCH_PATHS = (
					"$(inherited)",
					"@executable_path/Frameworks",
					"@loader_path/Frameworks",
				);
				MARKETING_VERSION = 1.0;
				PRODUCT_BUNDLE_IDENTIFIER = com.mphrx.SimpleNoteTests;
				PRODUCT_NAME = "$(TARGET_NAME)";
				SWIFT_EMIT_LOC_STRINGS = NO;
				SWIFT_VERSION = 5.0;
				TARGETED_DEVICE_FAMILY = "1,2";
				TEST_HOST = "$(BUILT_PRODUCTS_DIR)/SimpleNote.app/SimpleNote";
			};
			name = Debug;
		};
		085033C0273E4481006CBBB2 /* Release */ = {
			isa = XCBuildConfiguration;
			baseConfigurationReference = B67642B70B311E395C57CCC6 /* Pods-SimpleNoteTests.release.xcconfig */;
			buildSettings = {
				ALWAYS_EMBED_SWIFT_STANDARD_LIBRARIES = YES;
				BUNDLE_LOADER = "$(TEST_HOST)";
				CODE_SIGN_STYLE = Automatic;
				CURRENT_PROJECT_VERSION = 1;
				GENERATE_INFOPLIST_FILE = YES;
				IPHONEOS_DEPLOYMENT_TARGET = 15.0;
				LD_RUNPATH_SEARCH_PATHS = (
					"$(inherited)",
					"@executable_path/Frameworks",
					"@loader_path/Frameworks",
				);
				MARKETING_VERSION = 1.0;
				PRODUCT_BUNDLE_IDENTIFIER = com.mphrx.SimpleNoteTests;
				PRODUCT_NAME = "$(TARGET_NAME)";
				SWIFT_EMIT_LOC_STRINGS = NO;
				SWIFT_VERSION = 5.0;
				TARGETED_DEVICE_FAMILY = "1,2";
				TEST_HOST = "$(BUILT_PRODUCTS_DIR)/SimpleNote.app/SimpleNote";
			};
			name = Release;
		};
		085033C2273E4481006CBBB2 /* Debug */ = {
			isa = XCBuildConfiguration;
			baseConfigurationReference = E09EA8A83919105AC7F8BBF7 /* Pods-SimpleNote-SimpleNoteUITests.debug.xcconfig */;
			buildSettings = {
				ALWAYS_EMBED_SWIFT_STANDARD_LIBRARIES = YES;
				CODE_SIGN_STYLE = Automatic;
				CURRENT_PROJECT_VERSION = 1;
				GENERATE_INFOPLIST_FILE = YES;
				LD_RUNPATH_SEARCH_PATHS = (
					"$(inherited)",
					"@executable_path/Frameworks",
					"@loader_path/Frameworks",
				);
				MARKETING_VERSION = 1.0;
				PRODUCT_BUNDLE_IDENTIFIER = com.mphrx.SimpleNoteUITests;
				PRODUCT_NAME = "$(TARGET_NAME)";
				SWIFT_EMIT_LOC_STRINGS = NO;
				SWIFT_VERSION = 5.0;
				TARGETED_DEVICE_FAMILY = "1,2";
				TEST_TARGET_NAME = SimpleNote;
			};
			name = Debug;
		};
		085033C3273E4481006CBBB2 /* Release */ = {
			isa = XCBuildConfiguration;
			baseConfigurationReference = 8A8E05191C6C7CA4A69892AB /* Pods-SimpleNote-SimpleNoteUITests.release.xcconfig */;
			buildSettings = {
				ALWAYS_EMBED_SWIFT_STANDARD_LIBRARIES = YES;
				CODE_SIGN_STYLE = Automatic;
				CURRENT_PROJECT_VERSION = 1;
				GENERATE_INFOPLIST_FILE = YES;
				LD_RUNPATH_SEARCH_PATHS = (
					"$(inherited)",
					"@executable_path/Frameworks",
					"@loader_path/Frameworks",
				);
				MARKETING_VERSION = 1.0;
				PRODUCT_BUNDLE_IDENTIFIER = com.mphrx.SimpleNoteUITests;
				PRODUCT_NAME = "$(TARGET_NAME)";
				SWIFT_EMIT_LOC_STRINGS = NO;
				SWIFT_VERSION = 5.0;
				TARGETED_DEVICE_FAMILY = "1,2";
				TEST_TARGET_NAME = SimpleNote;
			};
			name = Release;
		};
/* End XCBuildConfiguration section */

/* Begin XCConfigurationList section */
		08503389273E4477006CBBB2 /* Build configuration list for PBXProject "SimpleNote" */ = {
			isa = XCConfigurationList;
			buildConfigurations = (
				085033B9273E4481006CBBB2 /* Debug */,
				085033BA273E4481006CBBB2 /* Release */,
			);
			defaultConfigurationIsVisible = 0;
			defaultConfigurationName = Release;
		};
		085033BB273E4481006CBBB2 /* Build configuration list for PBXNativeTarget "SimpleNote" */ = {
			isa = XCConfigurationList;
			buildConfigurations = (
				085033BC273E4481006CBBB2 /* Debug */,
				085033BD273E4481006CBBB2 /* Release */,
			);
			defaultConfigurationIsVisible = 0;
			defaultConfigurationName = Release;
		};
		085033BE273E4481006CBBB2 /* Build configuration list for PBXNativeTarget "SimpleNoteTests" */ = {
			isa = XCConfigurationList;
			buildConfigurations = (
				085033BF273E4481006CBBB2 /* Debug */,
				085033C0273E4481006CBBB2 /* Release */,
			);
			defaultConfigurationIsVisible = 0;
			defaultConfigurationName = Release;
		};
		085033C1273E4481006CBBB2 /* Build configuration list for PBXNativeTarget "SimpleNoteUITests" */ = {
			isa = XCConfigurationList;
			buildConfigurations = (
				085033C2273E4481006CBBB2 /* Debug */,
				085033C3273E4481006CBBB2 /* Release */,
			);
			defaultConfigurationIsVisible = 0;
			defaultConfigurationName = Release;
		};
/* End XCConfigurationList section */

/* Begin XCRemoteSwiftPackageReference section */
		085033C6273E4648006CBBB2 /* XCRemoteSwiftPackageReference "firebase-ios-sdk" */ = {
			isa = XCRemoteSwiftPackageReference;
			repositoryURL = "https://github.com/firebase/firebase-ios-sdk.git";
			requirement = {
				branch = master;
				kind = branch;
			};
		};
/* End XCRemoteSwiftPackageReference section */

/* Begin XCSwiftPackageProductDependency section */
		085033C7273E4648006CBBB2 /* FirebaseAuth */ = {
			isa = XCSwiftPackageProductDependency;
			package = 085033C6273E4648006CBBB2 /* XCRemoteSwiftPackageReference "firebase-ios-sdk" */;
			productName = FirebaseAuth;
		};
		085033C9273E4648006CBBB2 /* FirebaseFirestore */ = {
			isa = XCSwiftPackageProductDependency;
			package = 085033C6273E4648006CBBB2 /* XCRemoteSwiftPackageReference "firebase-ios-sdk" */;
			productName = FirebaseFirestore;
		};
		085033CB273E4648006CBBB2 /* FirebaseStorage */ = {
			isa = XCSwiftPackageProductDependency;
			package = 085033C6273E4648006CBBB2 /* XCRemoteSwiftPackageReference "firebase-ios-sdk" */;
			productName = FirebaseStorage;
		};
/* End XCSwiftPackageProductDependency section */

/* Begin XCVersionGroup section */
		0850339A273E4478006CBBB2 /* SimpleNote.xcdatamodeld */ = {
			isa = XCVersionGroup;
			children = (
				0850339B273E4478006CBBB2 /* SimpleNote.xcdatamodel */,
			);
			currentVersion = 0850339B273E4478006CBBB2 /* SimpleNote.xcdatamodel */;
			path = SimpleNote.xcdatamodeld;
			sourceTree = "<group>";
			versionGroupType = wrapper.xcdatamodel;
		};
/* End XCVersionGroup section */
	};
	rootObject = 08503386273E4477006CBBB2 /* Project object */;
}
